
Microsoft Visual Studio Solution File, Format Version 12.00
# Visual Studio Version 17
VisualStudioVersion = 17.4.33205.214
MinimumVisualStudioVersion = 10.0.40219.1
Project("{2150E333-8FDC-42A3-9474-1A3956D46DE8}") = "Examples", "Examples", "{8AF132E9-5C5A-4D6C-B0FC-82FFCA700BA8}"
EndProject
Project("{9A19103F-16F7-4668-BE54-9A1E7A4F7556}") = "ReferenceLibrary", "Examples\RefernceLibrary\ReferenceLibrary.csproj", "{177A1762-A63A-4696-9EDE-863F200EA34E}"
EndProject
Project("{9A19103F-16F7-4668-BE54-9A1E7A4F7556}") = "TestApi1", "Examples\TestApi1\TestApi1.csproj", "{76219E7A-877C-4EBA-9188-819216BC6967}"
EndProject
Project("{9A19103F-16F7-4668-BE54-9A1E7A4F7556}") = "TestApi2", "Examples\TestApi2\TestApi2.csproj", "{E07E1400-AA21-4C32-BF22-BB31F400EA54}"
EndProject
Project("{9A19103F-16F7-4668-BE54-9A1E7A4F7556}") = "ResumableFunctions.AspNetService", "ResumableFunctions.AspNetService\ResumableFunctions.AspNetService.csproj", "{846B343E-AF4E-4428-AB66-50894CE0B390}"
EndProject
Project("{9A19103F-16F7-4668-BE54-9A1E7A4F7556}") = "ResumableFunctions.Handler", "ResumableFunctions.Handler\ResumableFunctions.Handler.csproj", "{9CCD18EA-C0D9-48EB-96B2-3198B5D7C227}"
EndProject
Project("{9A19103F-16F7-4668-BE54-9A1E7A4F7556}") = "ResumableFunctions.Publisher", "ResumableFunctions.Publisher\ResumableFunctions.Publisher.csproj", "{3FBAB1AB-6D19-4A1B-AF6A-4CFDE98F2E27}"
EndProject
Project("{D954291E-2A0B-460D-934E-DC6B0785DB48}") = "_Documents", "_Documents\_Documents.shproj", "{A8DB2027-F414-4940-AAF4-2DC7EC35F99C}"
EndProject
Project("{9A19103F-16F7-4668-BE54-9A1E7A4F7556}") = "TestPublisherApi", "Examples\TestPublisherApi\TestPublisherApi.csproj", "{6964CD24-A2CC-4170-BE3D-174360867DF4}"
EndProject
Project("{9A19103F-16F7-4668-BE54-9A1E7A4F7556}") = "TestSomething", "Examples\TestSomething\TestSomething.csproj", "{AACF6985-79DE-48A3-B381-9FD2C8B318AF}"
EndProject
Project("{9A19103F-16F7-4668-BE54-9A1E7A4F7556}") = "ClientOnboarding", "Examples\ClientOnboarding\ClientOnboarding.csproj", "{47154E1A-44E0-4016-89E4-42A79B16E87F}"
EndProject
Project("{2150E333-8FDC-42A3-9474-1A3956D46DE8}") = "Solution Items", "Solution Items", "{2657BD84-FE74-4ADC-ADD3-A7B671309891}"
	ProjectSection(SolutionItems) = preProject
		README.md = README.md
	EndProjectSection
EndProject
Project("{9A19103F-16F7-4668-BE54-9A1E7A4F7556}") = "Tests", "Tests\Tests.csproj", "{B541DEE4-0B26-4F76-B4BE-83881CF40A0C}"
EndProject
Project("{FAE04EC0-301F-11D3-BF4B-00C04F79EFBC}") = "ShowTestsUi", "ShowTestsUi\ShowTestsUi.csproj", "{53A463A6-A5EA-42DC-8BBE-64D215274DFC}"
EndProject
Global
	GlobalSection(SolutionConfigurationPlatforms) = preSolution
		Debug|Any CPU = Debug|Any CPU
		Release|Any CPU = Release|Any CPU
	EndGlobalSection
	GlobalSection(ProjectConfigurationPlatforms) = postSolution
		{177A1762-A63A-4696-9EDE-863F200EA34E}.Debug|Any CPU.ActiveCfg = Debug|Any CPU
		{177A1762-A63A-4696-9EDE-863F200EA34E}.Debug|Any CPU.Build.0 = Debug|Any CPU
		{177A1762-A63A-4696-9EDE-863F200EA34E}.Release|Any CPU.ActiveCfg = Release|Any CPU
		{177A1762-A63A-4696-9EDE-863F200EA34E}.Release|Any CPU.Build.0 = Release|Any CPU
		{76219E7A-877C-4EBA-9188-819216BC6967}.Debug|Any CPU.ActiveCfg = Debug|Any CPU
		{76219E7A-877C-4EBA-9188-819216BC6967}.Debug|Any CPU.Build.0 = Debug|Any CPU
		{76219E7A-877C-4EBA-9188-819216BC6967}.Release|Any CPU.ActiveCfg = Release|Any CPU
		{76219E7A-877C-4EBA-9188-819216BC6967}.Release|Any CPU.Build.0 = Release|Any CPU
		{E07E1400-AA21-4C32-BF22-BB31F400EA54}.Debug|Any CPU.ActiveCfg = Debug|Any CPU
		{E07E1400-AA21-4C32-BF22-BB31F400EA54}.Debug|Any CPU.Build.0 = Debug|Any CPU
		{E07E1400-AA21-4C32-BF22-BB31F400EA54}.Release|Any CPU.ActiveCfg = Release|Any CPU
		{E07E1400-AA21-4C32-BF22-BB31F400EA54}.Release|Any CPU.Build.0 = Release|Any CPU
		{846B343E-AF4E-4428-AB66-50894CE0B390}.Debug|Any CPU.ActiveCfg = Debug|Any CPU
		{846B343E-AF4E-4428-AB66-50894CE0B390}.Debug|Any CPU.Build.0 = Debug|Any CPU
		{846B343E-AF4E-4428-AB66-50894CE0B390}.Release|Any CPU.ActiveCfg = Release|Any CPU
		{846B343E-AF4E-4428-AB66-50894CE0B390}.Release|Any CPU.Build.0 = Release|Any CPU
		{9CCD18EA-C0D9-48EB-96B2-3198B5D7C227}.Debug|Any CPU.ActiveCfg = Debug|Any CPU
		{9CCD18EA-C0D9-48EB-96B2-3198B5D7C227}.Debug|Any CPU.Build.0 = Debug|Any CPU
		{9CCD18EA-C0D9-48EB-96B2-3198B5D7C227}.Release|Any CPU.ActiveCfg = Release|Any CPU
		{9CCD18EA-C0D9-48EB-96B2-3198B5D7C227}.Release|Any CPU.Build.0 = Release|Any CPU
		{3FBAB1AB-6D19-4A1B-AF6A-4CFDE98F2E27}.Debug|Any CPU.ActiveCfg = Debug|Any CPU
		{3FBAB1AB-6D19-4A1B-AF6A-4CFDE98F2E27}.Debug|Any CPU.Build.0 = Debug|Any CPU
		{3FBAB1AB-6D19-4A1B-AF6A-4CFDE98F2E27}.Release|Any CPU.ActiveCfg = Release|Any CPU
		{3FBAB1AB-6D19-4A1B-AF6A-4CFDE98F2E27}.Release|Any CPU.Build.0 = Release|Any CPU
		{6964CD24-A2CC-4170-BE3D-174360867DF4}.Debug|Any CPU.ActiveCfg = Debug|Any CPU
		{6964CD24-A2CC-4170-BE3D-174360867DF4}.Debug|Any CPU.Build.0 = Debug|Any CPU
		{6964CD24-A2CC-4170-BE3D-174360867DF4}.Release|Any CPU.ActiveCfg = Release|Any CPU
		{6964CD24-A2CC-4170-BE3D-174360867DF4}.Release|Any CPU.Build.0 = Release|Any CPU
		{AACF6985-79DE-48A3-B381-9FD2C8B318AF}.Debug|Any CPU.ActiveCfg = Debug|Any CPU
		{AACF6985-79DE-48A3-B381-9FD2C8B318AF}.Debug|Any CPU.Build.0 = Debug|Any CPU
		{AACF6985-79DE-48A3-B381-9FD2C8B318AF}.Release|Any CPU.ActiveCfg = Release|Any CPU
		{AACF6985-79DE-48A3-B381-9FD2C8B318AF}.Release|Any CPU.Build.0 = Release|Any CPU
		{47154E1A-44E0-4016-89E4-42A79B16E87F}.Debug|Any CPU.ActiveCfg = Debug|Any CPU
		{47154E1A-44E0-4016-89E4-42A79B16E87F}.Debug|Any CPU.Build.0 = Debug|Any CPU
		{47154E1A-44E0-4016-89E4-42A79B16E87F}.Release|Any CPU.ActiveCfg = Release|Any CPU
		{47154E1A-44E0-4016-89E4-42A79B16E87F}.Release|Any CPU.Build.0 = Release|Any CPU
		{B541DEE4-0B26-4F76-B4BE-83881CF40A0C}.Debug|Any CPU.ActiveCfg = Debug|Any CPU
		{B541DEE4-0B26-4F76-B4BE-83881CF40A0C}.Debug|Any CPU.Build.0 = Debug|Any CPU
		{B541DEE4-0B26-4F76-B4BE-83881CF40A0C}.Release|Any CPU.ActiveCfg = Release|Any CPU
		{B541DEE4-0B26-4F76-B4BE-83881CF40A0C}.Release|Any CPU.Build.0 = Release|Any CPU
		{53A463A6-A5EA-42DC-8BBE-64D215274DFC}.Debug|Any CPU.ActiveCfg = Debug|Any CPU
		{53A463A6-A5EA-42DC-8BBE-64D215274DFC}.Debug|Any CPU.Build.0 = Debug|Any CPU
		{53A463A6-A5EA-42DC-8BBE-64D215274DFC}.Release|Any CPU.ActiveCfg = Release|Any CPU
		{53A463A6-A5EA-42DC-8BBE-64D215274DFC}.Release|Any CPU.Build.0 = Release|Any CPU
	EndGlobalSection
	GlobalSection(SolutionProperties) = preSolution
		HideSolutionNode = FALSE
	EndGlobalSection
	GlobalSection(NestedProjects) = preSolution
		{177A1762-A63A-4696-9EDE-863F200EA34E} = {8AF132E9-5C5A-4D6C-B0FC-82FFCA700BA8}
		{76219E7A-877C-4EBA-9188-819216BC6967} = {8AF132E9-5C5A-4D6C-B0FC-82FFCA700BA8}
		{E07E1400-AA21-4C32-BF22-BB31F400EA54} = {8AF132E9-5C5A-4D6C-B0FC-82FFCA700BA8}
		{6964CD24-A2CC-4170-BE3D-174360867DF4} = {8AF132E9-5C5A-4D6C-B0FC-82FFCA700BA8}
		{AACF6985-79DE-48A3-B381-9FD2C8B318AF} = {8AF132E9-5C5A-4D6C-B0FC-82FFCA700BA8}
		{47154E1A-44E0-4016-89E4-42A79B16E87F} = {8AF132E9-5C5A-4D6C-B0FC-82FFCA700BA8}
		{53A463A6-A5EA-42DC-8BBE-64D215274DFC} = {8AF132E9-5C5A-4D6C-B0FC-82FFCA700BA8}
	EndGlobalSection
	GlobalSection(ExtensibilityGlobals) = postSolution
		SolutionGuid = {AE5D3544-A75E-4511-ADAF-BEE3DA168EE9}
	EndGlobalSection
	GlobalSection(SharedMSBuildProjectFiles) = preSolution
		_Documents\_Documents.projitems*{a8db2027-f414-4940-aaf4-2dc7ec35f99c}*SharedItemsImports = 13
	EndGlobalSection
EndGlobal
