
Microsoft Visual Studio Solution File, Format Version 12.00
# Visual Studio Version 17
VisualStudioVersion = 17.4.33205.214
MinimumVisualStudioVersion = 10.0.40219.1
Project("{9A19103F-16F7-4668-BE54-9A1E7A4F7556}") = "_docs", "_docs\_docs.csproj", "{D95A83DE-B134-4ED3-9D62-5EA71B23A0BF}"
EndProject
Project("{9A19103F-16F7-4668-BE54-9A1E7A4F7556}") = "ResumableFunctions.Core", "ResumableFunctions.Core\ResumableFunctions.Core.csproj", "{AEAD43DB-A30D-4C86-846B-F9FCADF455DC}"
EndProject
Project("{2150E333-8FDC-42A3-9474-1A3956D46DE8}") = "Examples", "Examples", "{8AF132E9-5C5A-4D6C-B0FC-82FFCA700BA8}"
EndProject
Project("{9A19103F-16F7-4668-BE54-9A1E7A4F7556}") = "ReferenceLibrary", "Examples\RefernceLibrary\ReferenceLibrary.csproj", "{177A1762-A63A-4696-9EDE-863F200EA34E}"
EndProject
Project("{9A19103F-16F7-4668-BE54-9A1E7A4F7556}") = "TestApi1", "Examples\TestApi1\TestApi1.csproj", "{76219E7A-877C-4EBA-9188-819216BC6967}"
EndProject
Project("{9A19103F-16F7-4668-BE54-9A1E7A4F7556}") = "TestApi2", "Examples\TestApi2\TestApi2.csproj", "{E07E1400-AA21-4C32-BF22-BB31F400EA54}"
EndProject
Project("{9A19103F-16F7-4668-BE54-9A1E7A4F7556}") = "ResumableFunctions.AspNetService", "ResumableFunctions.AspNetService\ResumableFunctions.AspNetService.csproj", "{846B343E-AF4E-4428-AB66-50894CE0B390}"
EndProject
Global
	GlobalSection(SolutionConfigurationPlatforms) = preSolution
		Debug|Any CPU = Debug|Any CPU
		Release|Any CPU = Release|Any CPU
	EndGlobalSection
	GlobalSection(ProjectConfigurationPlatforms) = postSolution
		{D95A83DE-B134-4ED3-9D62-5EA71B23A0BF}.Debug|Any CPU.ActiveCfg = Debug|Any CPU
		{D95A83DE-B134-4ED3-9D62-5EA71B23A0BF}.Debug|Any CPU.Build.0 = Debug|Any CPU
		{D95A83DE-B134-4ED3-9D62-5EA71B23A0BF}.Release|Any CPU.ActiveCfg = Release|Any CPU
		{D95A83DE-B134-4ED3-9D62-5EA71B23A0BF}.Release|Any CPU.Build.0 = Release|Any CPU
		{AEAD43DB-A30D-4C86-846B-F9FCADF455DC}.Debug|Any CPU.ActiveCfg = Debug|Any CPU
		{AEAD43DB-A30D-4C86-846B-F9FCADF455DC}.Debug|Any CPU.Build.0 = Debug|Any CPU
		{AEAD43DB-A30D-4C86-846B-F9FCADF455DC}.Release|Any CPU.ActiveCfg = Release|Any CPU
		{AEAD43DB-A30D-4C86-846B-F9FCADF455DC}.Release|Any CPU.Build.0 = Release|Any CPU
		{177A1762-A63A-4696-9EDE-863F200EA34E}.Debug|Any CPU.ActiveCfg = Debug|Any CPU
		{177A1762-A63A-4696-9EDE-863F200EA34E}.Debug|Any CPU.Build.0 = Debug|Any CPU
		{177A1762-A63A-4696-9EDE-863F200EA34E}.Release|Any CPU.ActiveCfg = Release|Any CPU
		{177A1762-A63A-4696-9EDE-863F200EA34E}.Release|Any CPU.Build.0 = Release|Any CPU
		{76219E7A-877C-4EBA-9188-819216BC6967}.Debug|Any CPU.ActiveCfg = Debug|Any CPU
		{76219E7A-877C-4EBA-9188-819216BC6967}.Debug|Any CPU.Build.0 = Debug|Any CPU
		{76219E7A-877C-4EBA-9188-819216BC6967}.Release|Any CPU.ActiveCfg = Release|Any CPU
		{76219E7A-877C-4EBA-9188-819216BC6967}.Release|Any CPU.Build.0 = Release|Any CPU
		{E07E1400-AA21-4C32-BF22-BB31F400EA54}.Debug|Any CPU.ActiveCfg = Debug|Any CPU
		{E07E1400-AA21-4C32-BF22-BB31F400EA54}.Debug|Any CPU.Build.0 = Debug|Any CPU
		{E07E1400-AA21-4C32-BF22-BB31F400EA54}.Release|Any CPU.ActiveCfg = Release|Any CPU
		{E07E1400-AA21-4C32-BF22-BB31F400EA54}.Release|Any CPU.Build.0 = Release|Any CPU
		{846B343E-AF4E-4428-AB66-50894CE0B390}.Debug|Any CPU.ActiveCfg = Debug|Any CPU
		{846B343E-AF4E-4428-AB66-50894CE0B390}.Debug|Any CPU.Build.0 = Debug|Any CPU
		{846B343E-AF4E-4428-AB66-50894CE0B390}.Release|Any CPU.ActiveCfg = Release|Any CPU
		{846B343E-AF4E-4428-AB66-50894CE0B390}.Release|Any CPU.Build.0 = Release|Any CPU
	EndGlobalSection
	GlobalSection(SolutionProperties) = preSolution
		HideSolutionNode = FALSE
	EndGlobalSection
	GlobalSection(NestedProjects) = preSolution
		{177A1762-A63A-4696-9EDE-863F200EA34E} = {8AF132E9-5C5A-4D6C-B0FC-82FFCA700BA8}
		{76219E7A-877C-4EBA-9188-819216BC6967} = {8AF132E9-5C5A-4D6C-B0FC-82FFCA700BA8}
		{E07E1400-AA21-4C32-BF22-BB31F400EA54} = {8AF132E9-5C5A-4D6C-B0FC-82FFCA700BA8}
	EndGlobalSection
	GlobalSection(ExtensibilityGlobals) = postSolution
		SolutionGuid = {AE5D3544-A75E-4511-ADAF-BEE3DA168EE9}
	EndGlobalSection
EndGlobal
