
Microsoft Visual Studio Solution File, Format Version 12.00
# Visual Studio Version 17
VisualStudioVersion = 17.4.33205.214
MinimumVisualStudioVersion = 10.0.40219.1
Project("{9A19103F-16F7-4668-BE54-9A1E7A4F7556}") = "Test", "Test\Test.csproj", "{8F40B5D2-02DA-4A8E-ACD0-2CACCB1278D5}"
EndProject
Project("{9A19103F-16F7-4668-BE54-9A1E7A4F7556}") = "ResumableFunctionScanner", "ResumableFunctionScanner\ResumableFunctionScanner.csproj", "{C903FEBF-DF9E-4FE9-BABF-27D1AAD72713}"
EndProject
Project("{9A19103F-16F7-4668-BE54-9A1E7A4F7556}") = "_docs", "_docs\_docs.csproj", "{D95A83DE-B134-4ED3-9D62-5EA71B23A0BF}"
EndProject
Project("{9A19103F-16F7-4668-BE54-9A1E7A4F7556}") = "ResumableFunctions.Core", "ResumableFunctions.Core\ResumableFunctions.Core.csproj", "{AEAD43DB-A30D-4C86-846B-F9FCADF455DC}"
EndProject
Global
	GlobalSection(SolutionConfigurationPlatforms) = preSolution
		Debug|Any CPU = Debug|Any CPU
		Release|Any CPU = Release|Any CPU
	EndGlobalSection
	GlobalSection(ProjectConfigurationPlatforms) = postSolution
		{8F40B5D2-02DA-4A8E-ACD0-2CACCB1278D5}.Debug|Any CPU.ActiveCfg = Debug|Any CPU
		{8F40B5D2-02DA-4A8E-ACD0-2CACCB1278D5}.Debug|Any CPU.Build.0 = Debug|Any CPU
		{8F40B5D2-02DA-4A8E-ACD0-2CACCB1278D5}.Release|Any CPU.ActiveCfg = Release|Any CPU
		{8F40B5D2-02DA-4A8E-ACD0-2CACCB1278D5}.Release|Any CPU.Build.0 = Release|Any CPU
		{C903FEBF-DF9E-4FE9-BABF-27D1AAD72713}.Debug|Any CPU.ActiveCfg = Debug|Any CPU
		{C903FEBF-DF9E-4FE9-BABF-27D1AAD72713}.Debug|Any CPU.Build.0 = Debug|Any CPU
		{C903FEBF-DF9E-4FE9-BABF-27D1AAD72713}.Release|Any CPU.ActiveCfg = Release|Any CPU
		{C903FEBF-DF9E-4FE9-BABF-27D1AAD72713}.Release|Any CPU.Build.0 = Release|Any CPU
		{D95A83DE-B134-4ED3-9D62-5EA71B23A0BF}.Debug|Any CPU.ActiveCfg = Debug|Any CPU
		{D95A83DE-B134-4ED3-9D62-5EA71B23A0BF}.Debug|Any CPU.Build.0 = Debug|Any CPU
		{D95A83DE-B134-4ED3-9D62-5EA71B23A0BF}.Release|Any CPU.ActiveCfg = Release|Any CPU
		{D95A83DE-B134-4ED3-9D62-5EA71B23A0BF}.Release|Any CPU.Build.0 = Release|Any CPU
		{AEAD43DB-A30D-4C86-846B-F9FCADF455DC}.Debug|Any CPU.ActiveCfg = Debug|Any CPU
		{AEAD43DB-A30D-4C86-846B-F9FCADF455DC}.Debug|Any CPU.Build.0 = Debug|Any CPU
		{AEAD43DB-A30D-4C86-846B-F9FCADF455DC}.Release|Any CPU.ActiveCfg = Release|Any CPU
		{AEAD43DB-A30D-4C86-846B-F9FCADF455DC}.Release|Any CPU.Build.0 = Release|Any CPU
	EndGlobalSection
	GlobalSection(SolutionProperties) = preSolution
		HideSolutionNode = FALSE
	EndGlobalSection
	GlobalSection(ExtensibilityGlobals) = postSolution
		SolutionGuid = {AE5D3544-A75E-4511-ADAF-BEE3DA168EE9}
	EndGlobalSection
EndGlobal
